
Microsoft Visual Studio Solution File, Format Version 12.00
# Visual Studio Version 17
VisualStudioVersion = 17.4.33205.214
MinimumVisualStudioVersion = 10.0.40219.1
Project("{FAE04EC0-301F-11D3-BF4B-00C04F79EFBC}") = "Test", "Test\Test.csproj", "{406D6AAB-84DF-435D-817D-01FA092E09BE}"
EndProject
Project("{FAE04EC0-301F-11D3-BF4B-00C04F79EFBC}") = "NUnitTest", "..\NUnitTest\NUnitTest.csproj", "{4707D83D-54E1-4B39-83AA-9492FA1FEB90}"
EndProject
Global
	GlobalSection(SolutionConfigurationPlatforms) = preSolution
		Debug|Any CPU = Debug|Any CPU
		Release|Any CPU = Release|Any CPU
	EndGlobalSection
	GlobalSection(ProjectConfigurationPlatforms) = postSolution
		{406D6AAB-84DF-435D-817D-01FA092E09BE}.Debug|Any CPU.ActiveCfg = Debug|Any CPU
		{406D6AAB-84DF-435D-817D-01FA092E09BE}.Debug|Any CPU.Build.0 = Debug|Any CPU
		{406D6AAB-84DF-435D-817D-01FA092E09BE}.Release|Any CPU.ActiveCfg = Release|Any CPU
		{406D6AAB-84DF-435D-817D-01FA092E09BE}.Release|Any CPU.Build.0 = Release|Any CPU
		{4707D83D-54E1-4B39-83AA-9492FA1FEB90}.Debug|Any CPU.ActiveCfg = Debug|Any CPU
		{4707D83D-54E1-4B39-83AA-9492FA1FEB90}.Debug|Any CPU.Build.0 = Debug|Any CPU
		{4707D83D-54E1-4B39-83AA-9492FA1FEB90}.Release|Any CPU.ActiveCfg = Release|Any CPU
		{4707D83D-54E1-4B39-83AA-9492FA1FEB90}.Release|Any CPU.Build.0 = Release|Any CPU
	EndGlobalSection
	GlobalSection(SolutionProperties) = preSolution
		HideSolutionNode = FALSE
	EndGlobalSection
	GlobalSection(ExtensibilityGlobals) = postSolution
		SolutionGuid = {79A53CF3-684E-4A98-BEB6-C4E34E44E7C4}
	EndGlobalSection
EndGlobal
